
Microsoft Visual Studio Solution File, Format Version 12.00
# Visual Studio 15
VisualStudioVersion = 15.0.27130.2027
MinimumVisualStudioVersion = 10.0.40219.1
Project("{FAE04EC0-301F-11D3-BF4B-00C04F79EFBC}") = "OneTeamAptitudeMVC", "OneTeamAptitudeMVC\OneTeamAptitudeMVC.csproj", "{9BE01600-1BB6-480E-8238-48E4DD3EF733}"
EndProject
Global
	GlobalSection(SolutionConfigurationPlatforms) = preSolution
		Debug|Any CPU = Debug|Any CPU
		Release|Any CPU = Release|Any CPU
	EndGlobalSection
	GlobalSection(ProjectConfigurationPlatforms) = postSolution
		{9BE01600-1BB6-480E-8238-48E4DD3EF733}.Debug|Any CPU.ActiveCfg = Debug|Any CPU
		{9BE01600-1BB6-480E-8238-48E4DD3EF733}.Debug|Any CPU.Build.0 = Debug|Any CPU
		{9BE01600-1BB6-480E-8238-48E4DD3EF733}.Release|Any CPU.ActiveCfg = Release|Any CPU
		{9BE01600-1BB6-480E-8238-48E4DD3EF733}.Release|Any CPU.Build.0 = Release|Any CPU
	EndGlobalSection
	GlobalSection(SolutionProperties) = preSolution
		HideSolutionNode = FALSE
	EndGlobalSection
	GlobalSection(ExtensibilityGlobals) = postSolution
		SolutionGuid = {92FFA12B-69C2-439C-96D2-143A29AAA0DE}
	EndGlobalSection
EndGlobal
